
Microsoft Visual Studio Solution File, Format Version 12.00
# Visual Studio Version 17
VisualStudioVersion = 17.8.34408.163
MinimumVisualStudioVersion = 10.0.40219.1
Project("{FAE04EC0-301F-11D3-BF4B-00C04F79EFBC}") = "ASM1", "ASM1\ASM1.csproj", "{84A6776E-C5A6-4C48-85CB-C4466D6DD397}"
EndProject
Global
	GlobalSection(SolutionConfigurationPlatforms) = preSolution
		Debug|Any CPU = Debug|Any CPU
		Release|Any CPU = Release|Any CPU
	EndGlobalSection
	GlobalSection(ProjectConfigurationPlatforms) = postSolution
		{84A6776E-C5A6-4C48-85CB-C4466D6DD397}.Debug|Any CPU.ActiveCfg = Debug|Any CPU
		{84A6776E-C5A6-4C48-85CB-C4466D6DD397}.Debug|Any CPU.Build.0 = Debug|Any CPU
		{84A6776E-C5A6-4C48-85CB-C4466D6DD397}.Release|Any CPU.ActiveCfg = Release|Any CPU
		{84A6776E-C5A6-4C48-85CB-C4466D6DD397}.Release|Any CPU.Build.0 = Release|Any CPU
	EndGlobalSection
	GlobalSection(SolutionProperties) = preSolution
		HideSolutionNode = FALSE
	EndGlobalSection
	GlobalSection(ExtensibilityGlobals) = postSolution
		SolutionGuid = {0578D221-692A-4AD2-B671-E35D07FA822B}
	EndGlobalSection
EndGlobal
